// !$*UTF8*$!
{
	archiveVersion = 1;
	classes = {
	};
	objectVersion = 51;
	objects = {

/* Begin PBXBuildFile section */
		0133CE4C677D093A18DC0FA6 /* Pods_time2.framework in Frameworks */ = {isa = PBXBuildFile; fileRef = 77A4DA7FE5F09675294F52BD /* Pods_time2.framework */; };
		192691C022DB007A00B4BA70 /* ClientStruct.swift in Sources */ = {isa = PBXBuildFile; fileRef = 192691BF22DB007A00B4BA70 /* ClientStruct.swift */; };
		192691C222DB148C00B4BA70 /* Register1ViewController.swift in Sources */ = {isa = PBXBuildFile; fileRef = 192691C122DB148C00B4BA70 /* Register1ViewController.swift */; };
		192691C422DB149800B4BA70 /* Register2ViewController.swift in Sources */ = {isa = PBXBuildFile; fileRef = 192691C322DB149800B4BA70 /* Register2ViewController.swift */; };
		19B971C222DAE86B001BEB2D /* GoogleService-Info.plist in Resources */ = {isa = PBXBuildFile; fileRef = 19B971C122DAE86B001BEB2D /* GoogleService-Info.plist */; };
		19FA60CC22DADE47006DF530 /* AppDelegate.swift in Sources */ = {isa = PBXBuildFile; fileRef = 19FA60CB22DADE47006DF530 /* AppDelegate.swift */; };
		19FA60CE22DADE47006DF530 /* ViewController.swift in Sources */ = {isa = PBXBuildFile; fileRef = 19FA60CD22DADE47006DF530 /* ViewController.swift */; };
		19FA60D122DADE47006DF530 /* Main.storyboard in Resources */ = {isa = PBXBuildFile; fileRef = 19FA60CF22DADE47006DF530 /* Main.storyboard */; };
		19FA60D322DADE48006DF530 /* Assets.xcassets in Resources */ = {isa = PBXBuildFile; fileRef = 19FA60D222DADE48006DF530 /* Assets.xcassets */; };
		19FA60D622DADE48006DF530 /* LaunchScreen.storyboard in Resources */ = {isa = PBXBuildFile; fileRef = 19FA60D422DADE48006DF530 /* LaunchScreen.storyboard */; };
		19FA60E122DADE48006DF530 /* time2Tests.swift in Sources */ = {isa = PBXBuildFile; fileRef = 19FA60E022DADE48006DF530 /* time2Tests.swift */; };
		19FA60EC22DADE48006DF530 /* time2UITests.swift in Sources */ = {isa = PBXBuildFile; fileRef = 19FA60EB22DADE48006DF530 /* time2UITests.swift */; };
		19FA60FA22DADF9A006DF530 /* APIController.swift in Sources */ = {isa = PBXBuildFile; fileRef = 19FA60F922DADF9A006DF530 /* APIController.swift */; };
		21E7A861D3666D84D4CBF4EA /* Pods_time2UITests.framework in Frameworks */ = {isa = PBXBuildFile; fileRef = 3324B159465AC21FFC3A8439 /* Pods_time2UITests.framework */; };
		43DE08ED7A4B8788522C68F0 /* Pods_time2Tests.framework in Frameworks */ = {isa = PBXBuildFile; fileRef = 90C5CFA5CAFCB13AAF0FCBFB /* Pods_time2Tests.framework */; };
/* End PBXBuildFile section */

/* Begin PBXContainerItemProxy section */
		19FA60DD22DADE48006DF530 /* PBXContainerItemProxy */ = {
			isa = PBXContainerItemProxy;
			containerPortal = 19FA60C022DADE47006DF530 /* Project object */;
			proxyType = 1;
			remoteGlobalIDString = 19FA60C722DADE47006DF530;
			remoteInfo = time2;
		};
		19FA60E822DADE48006DF530 /* PBXContainerItemProxy */ = {
			isa = PBXContainerItemProxy;
			containerPortal = 19FA60C022DADE47006DF530 /* Project object */;
			proxyType = 1;
			remoteGlobalIDString = 19FA60C722DADE47006DF530;
			remoteInfo = time2;
		};
/* End PBXContainerItemProxy section */

/* Begin PBXFileReference section */
		0E202AF0DC91E39BE4F459DD /* Pods-time2UITests.release.xcconfig */ = {isa = PBXFileReference; includeInIndex = 1; lastKnownFileType = text.xcconfig; name = "Pods-time2UITests.release.xcconfig"; path = "Target Support Files/Pods-time2UITests/Pods-time2UITests.release.xcconfig"; sourceTree = "<group>"; };
		192691BF22DB007A00B4BA70 /* ClientStruct.swift */ = {isa = PBXFileReference; lastKnownFileType = sourcecode.swift; path = ClientStruct.swift; sourceTree = "<group>"; };
		192691C122DB148C00B4BA70 /* Register1ViewController.swift */ = {isa = PBXFileReference; lastKnownFileType = sourcecode.swift; path = Register1ViewController.swift; sourceTree = "<group>"; };
		192691C322DB149800B4BA70 /* Register2ViewController.swift */ = {isa = PBXFileReference; lastKnownFileType = sourcecode.swift; path = Register2ViewController.swift; sourceTree = "<group>"; };
		19B971C122DAE86B001BEB2D /* GoogleService-Info.plist */ = {isa = PBXFileReference; fileEncoding = 4; lastKnownFileType = text.plist.xml; path = "GoogleService-Info.plist"; sourceTree = "<group>"; };
		19FA60C822DADE47006DF530 /* time2.app */ = {isa = PBXFileReference; explicitFileType = wrapper.application; includeInIndex = 0; path = time2.app; sourceTree = BUILT_PRODUCTS_DIR; };
		19FA60CB22DADE47006DF530 /* AppDelegate.swift */ = {isa = PBXFileReference; lastKnownFileType = sourcecode.swift; path = AppDelegate.swift; sourceTree = "<group>"; };
		19FA60CD22DADE47006DF530 /* ViewController.swift */ = {isa = PBXFileReference; lastKnownFileType = sourcecode.swift; path = ViewController.swift; sourceTree = "<group>"; };
		19FA60D022DADE47006DF530 /* Base */ = {isa = PBXFileReference; lastKnownFileType = file.storyboard; name = Base; path = Base.lproj/Main.storyboard; sourceTree = "<group>"; };
		19FA60D222DADE48006DF530 /* Assets.xcassets */ = {isa = PBXFileReference; lastKnownFileType = folder.assetcatalog; path = Assets.xcassets; sourceTree = "<group>"; };
		19FA60D522DADE48006DF530 /* Base */ = {isa = PBXFileReference; lastKnownFileType = file.storyboard; name = Base; path = Base.lproj/LaunchScreen.storyboard; sourceTree = "<group>"; };
		19FA60D722DADE48006DF530 /* Info.plist */ = {isa = PBXFileReference; lastKnownFileType = text.plist.xml; path = Info.plist; sourceTree = "<group>"; };
		19FA60DC22DADE48006DF530 /* time2Tests.xctest */ = {isa = PBXFileReference; explicitFileType = wrapper.cfbundle; includeInIndex = 0; path = time2Tests.xctest; sourceTree = BUILT_PRODUCTS_DIR; };
		19FA60E022DADE48006DF530 /* time2Tests.swift */ = {isa = PBXFileReference; lastKnownFileType = sourcecode.swift; path = time2Tests.swift; sourceTree = "<group>"; };
		19FA60E222DADE48006DF530 /* Info.plist */ = {isa = PBXFileReference; lastKnownFileType = text.plist.xml; path = Info.plist; sourceTree = "<group>"; };
		19FA60E722DADE48006DF530 /* time2UITests.xctest */ = {isa = PBXFileReference; explicitFileType = wrapper.cfbundle; includeInIndex = 0; path = time2UITests.xctest; sourceTree = BUILT_PRODUCTS_DIR; };
		19FA60EB22DADE48006DF530 /* time2UITests.swift */ = {isa = PBXFileReference; lastKnownFileType = sourcecode.swift; path = time2UITests.swift; sourceTree = "<group>"; };
		19FA60ED22DADE48006DF530 /* Info.plist */ = {isa = PBXFileReference; lastKnownFileType = text.plist.xml; path = Info.plist; sourceTree = "<group>"; };
		19FA60F922DADF9A006DF530 /* APIController.swift */ = {isa = PBXFileReference; lastKnownFileType = sourcecode.swift; path = APIController.swift; sourceTree = "<group>"; };
		3324B159465AC21FFC3A8439 /* Pods_time2UITests.framework */ = {isa = PBXFileReference; explicitFileType = wrapper.framework; includeInIndex = 0; path = Pods_time2UITests.framework; sourceTree = BUILT_PRODUCTS_DIR; };
		77A4DA7FE5F09675294F52BD /* Pods_time2.framework */ = {isa = PBXFileReference; explicitFileType = wrapper.framework; includeInIndex = 0; path = Pods_time2.framework; sourceTree = BUILT_PRODUCTS_DIR; };
		8D643B1F3135F9FEB39DB32D /* Pods-time2Tests.debug.xcconfig */ = {isa = PBXFileReference; includeInIndex = 1; lastKnownFileType = text.xcconfig; name = "Pods-time2Tests.debug.xcconfig"; path = "Target Support Files/Pods-time2Tests/Pods-time2Tests.debug.xcconfig"; sourceTree = "<group>"; };
		90C5CFA5CAFCB13AAF0FCBFB /* Pods_time2Tests.framework */ = {isa = PBXFileReference; explicitFileType = wrapper.framework; includeInIndex = 0; path = Pods_time2Tests.framework; sourceTree = BUILT_PRODUCTS_DIR; };
		D2FE42753491BADA3B619023 /* Pods-time2UITests.debug.xcconfig */ = {isa = PBXFileReference; includeInIndex = 1; lastKnownFileType = text.xcconfig; name = "Pods-time2UITests.debug.xcconfig"; path = "Target Support Files/Pods-time2UITests/Pods-time2UITests.debug.xcconfig"; sourceTree = "<group>"; };
		D59D793157302374477F1A51 /* Pods-time2Tests.release.xcconfig */ = {isa = PBXFileReference; includeInIndex = 1; lastKnownFileType = text.xcconfig; name = "Pods-time2Tests.release.xcconfig"; path = "Target Support Files/Pods-time2Tests/Pods-time2Tests.release.xcconfig"; sourceTree = "<group>"; };
		E3FD6C9FC43FAC4F167B27D4 /* Pods-time2.debug.xcconfig */ = {isa = PBXFileReference; includeInIndex = 1; lastKnownFileType = text.xcconfig; name = "Pods-time2.debug.xcconfig"; path = "Target Support Files/Pods-time2/Pods-time2.debug.xcconfig"; sourceTree = "<group>"; };
		F060EFD1EEFE7D12AF05F82D /* Pods-time2.release.xcconfig */ = {isa = PBXFileReference; includeInIndex = 1; lastKnownFileType = text.xcconfig; name = "Pods-time2.release.xcconfig"; path = "Target Support Files/Pods-time2/Pods-time2.release.xcconfig"; sourceTree = "<group>"; };
/* End PBXFileReference section */

/* Begin PBXFrameworksBuildPhase section */
		19FA60C522DADE47006DF530 /* Frameworks */ = {
			isa = PBXFrameworksBuildPhase;
			buildActionMask = 2147483647;
			files = (
				0133CE4C677D093A18DC0FA6 /* Pods_time2.framework in Frameworks */,
			);
			runOnlyForDeploymentPostprocessing = 0;
		};
		19FA60D922DADE48006DF530 /* Frameworks */ = {
			isa = PBXFrameworksBuildPhase;
			buildActionMask = 2147483647;
			files = (
				43DE08ED7A4B8788522C68F0 /* Pods_time2Tests.framework in Frameworks */,
			);
			runOnlyForDeploymentPostprocessing = 0;
		};
		19FA60E422DADE48006DF530 /* Frameworks */ = {
			isa = PBXFrameworksBuildPhase;
			buildActionMask = 2147483647;
			files = (
				21E7A861D3666D84D4CBF4EA /* Pods_time2UITests.framework in Frameworks */,
			);
			runOnlyForDeploymentPostprocessing = 0;
		};
/* End PBXFrameworksBuildPhase section */

/* Begin PBXGroup section */
		19FA60BF22DADE47006DF530 = {
			isa = PBXGroup;
			children = (
				19FA60CA22DADE47006DF530 /* time2 */,
				19FA60DF22DADE48006DF530 /* time2Tests */,
				19FA60EA22DADE48006DF530 /* time2UITests */,
				19FA60C922DADE47006DF530 /* Products */,
				5AFC0FB29F9F56896D9C1CAC /* Pods */,
				9CAD475C7187F317CA76DBD4 /* Frameworks */,
			);
			sourceTree = "<group>";
		};
		19FA60C922DADE47006DF530 /* Products */ = {
			isa = PBXGroup;
			children = (
				19FA60C822DADE47006DF530 /* time2.app */,
				19FA60DC22DADE48006DF530 /* time2Tests.xctest */,
				19FA60E722DADE48006DF530 /* time2UITests.xctest */,
			);
			name = Products;
			sourceTree = "<group>";
		};
		19FA60CA22DADE47006DF530 /* time2 */ = {
			isa = PBXGroup;
			children = (
				19FA60CB22DADE47006DF530 /* AppDelegate.swift */,
				19FA60CD22DADE47006DF530 /* ViewController.swift */,
				192691C122DB148C00B4BA70 /* Register1ViewController.swift */,
				192691C322DB149800B4BA70 /* Register2ViewController.swift */,
				192691BF22DB007A00B4BA70 /* ClientStruct.swift */,
				19FA60F922DADF9A006DF530 /* APIController.swift */,
				19FA60CF22DADE47006DF530 /* Main.storyboard */,
				19FA60D222DADE48006DF530 /* Assets.xcassets */,
				19FA60D422DADE48006DF530 /* LaunchScreen.storyboard */,
				19FA60D722DADE48006DF530 /* Info.plist */,
				19B971C122DAE86B001BEB2D /* GoogleService-Info.plist */,
			);
			path = time2;
			sourceTree = "<group>";
		};
		19FA60DF22DADE48006DF530 /* time2Tests */ = {
			isa = PBXGroup;
			children = (
				19FA60E022DADE48006DF530 /* time2Tests.swift */,
				19FA60E222DADE48006DF530 /* Info.plist */,
			);
			path = time2Tests;
			sourceTree = "<group>";
		};
		19FA60EA22DADE48006DF530 /* time2UITests */ = {
			isa = PBXGroup;
			children = (
				19FA60EB22DADE48006DF530 /* time2UITests.swift */,
				19FA60ED22DADE48006DF530 /* Info.plist */,
			);
			path = time2UITests;
			sourceTree = "<group>";
		};
		5AFC0FB29F9F56896D9C1CAC /* Pods */ = {
			isa = PBXGroup;
			children = (
				E3FD6C9FC43FAC4F167B27D4 /* Pods-time2.debug.xcconfig */,
				F060EFD1EEFE7D12AF05F82D /* Pods-time2.release.xcconfig */,
				8D643B1F3135F9FEB39DB32D /* Pods-time2Tests.debug.xcconfig */,
				D59D793157302374477F1A51 /* Pods-time2Tests.release.xcconfig */,
				D2FE42753491BADA3B619023 /* Pods-time2UITests.debug.xcconfig */,
				0E202AF0DC91E39BE4F459DD /* Pods-time2UITests.release.xcconfig */,
			);
			path = Pods;
			sourceTree = "<group>";
		};
		9CAD475C7187F317CA76DBD4 /* Frameworks */ = {
			isa = PBXGroup;
			children = (
				77A4DA7FE5F09675294F52BD /* Pods_time2.framework */,
				90C5CFA5CAFCB13AAF0FCBFB /* Pods_time2Tests.framework */,
				3324B159465AC21FFC3A8439 /* Pods_time2UITests.framework */,
			);
			name = Frameworks;
			sourceTree = "<group>";
		};
/* End PBXGroup section */

/* Begin PBXNativeTarget section */
		19FA60C722DADE47006DF530 /* time2 */ = {
			isa = PBXNativeTarget;
			buildConfigurationList = 19FA60F022DADE48006DF530 /* Build configuration list for PBXNativeTarget "time2" */;
			buildPhases = (
				6EFA238DED211BE005ADD423 /* [CP] Check Pods Manifest.lock */,
				19FA60C422DADE47006DF530 /* Sources */,
				19FA60C522DADE47006DF530 /* Frameworks */,
				19FA60C622DADE47006DF530 /* Resources */,
				1534263EB636E9604C4AE441 /* [CP] Embed Pods Frameworks */,
			);
			buildRules = (
			);
			dependencies = (
			);
			name = time2;
			productName = time2;
			productReference = 19FA60C822DADE47006DF530 /* time2.app */;
			productType = "com.apple.product-type.application";
		};
		19FA60DB22DADE48006DF530 /* time2Tests */ = {
			isa = PBXNativeTarget;
			buildConfigurationList = 19FA60F322DADE48006DF530 /* Build configuration list for PBXNativeTarget "time2Tests" */;
			buildPhases = (
				15AA8CB761CD994122C3E89E /* [CP] Check Pods Manifest.lock */,
				19FA60D822DADE48006DF530 /* Sources */,
				19FA60D922DADE48006DF530 /* Frameworks */,
				19FA60DA22DADE48006DF530 /* Resources */,
			);
			buildRules = (
			);
			dependencies = (
				19FA60DE22DADE48006DF530 /* PBXTargetDependency */,
			);
			name = time2Tests;
			productName = time2Tests;
			productReference = 19FA60DC22DADE48006DF530 /* time2Tests.xctest */;
			productType = "com.apple.product-type.bundle.unit-test";
		};
		19FA60E622DADE48006DF530 /* time2UITests */ = {
			isa = PBXNativeTarget;
			buildConfigurationList = 19FA60F622DADE48006DF530 /* Build configuration list for PBXNativeTarget "time2UITests" */;
			buildPhases = (
				F4A12FF27BC0A872E0194A1A /* [CP] Check Pods Manifest.lock */,
				19FA60E322DADE48006DF530 /* Sources */,
				19FA60E422DADE48006DF530 /* Frameworks */,
				19FA60E522DADE48006DF530 /* Resources */,
			);
			buildRules = (
			);
			dependencies = (
				19FA60E922DADE48006DF530 /* PBXTargetDependency */,
			);
			name = time2UITests;
			productName = time2UITests;
			productReference = 19FA60E722DADE48006DF530 /* time2UITests.xctest */;
			productType = "com.apple.product-type.bundle.ui-testing";
		};
/* End PBXNativeTarget section */

/* Begin PBXProject section */
		19FA60C022DADE47006DF530 /* Project object */ = {
			isa = PBXProject;
			attributes = {
				LastSwiftUpdateCheck = 1020;
				LastUpgradeCheck = 1020;
				ORGANIZATIONNAME = "Arthur Telles";
				TargetAttributes = {
					19FA60C722DADE47006DF530 = {
						CreatedOnToolsVersion = 10.2.1;
					};
					19FA60DB22DADE48006DF530 = {
						CreatedOnToolsVersion = 10.2.1;
						TestTargetID = 19FA60C722DADE47006DF530;
					};
					19FA60E622DADE48006DF530 = {
						CreatedOnToolsVersion = 10.2.1;
						TestTargetID = 19FA60C722DADE47006DF530;
					};
				};
			};
			buildConfigurationList = 19FA60C322DADE47006DF530 /* Build configuration list for PBXProject "time2" */;
			compatibilityVersion = "Xcode 9.3";
			developmentRegion = en;
			hasScannedForEncodings = 0;
			knownRegions = (
				en,
				Base,
			);
			mainGroup = 19FA60BF22DADE47006DF530;
			productRefGroup = 19FA60C922DADE47006DF530 /* Products */;
			projectDirPath = "";
			projectRoot = "";
			targets = (
				19FA60C722DADE47006DF530 /* time2 */,
				19FA60DB22DADE48006DF530 /* time2Tests */,
				19FA60E622DADE48006DF530 /* time2UITests */,
			);
		};
/* End PBXProject section */

/* Begin PBXResourcesBuildPhase section */
		19FA60C622DADE47006DF530 /* Resources */ = {
			isa = PBXResourcesBuildPhase;
			buildActionMask = 2147483647;
			files = (
				19FA60D622DADE48006DF530 /* LaunchScreen.storyboard in Resources */,
				19B971C222DAE86B001BEB2D /* GoogleService-Info.plist in Resources */,
				19FA60D322DADE48006DF530 /* Assets.xcassets in Resources */,
				19FA60D122DADE47006DF530 /* Main.storyboard in Resources */,
			);
			runOnlyForDeploymentPostprocessing = 0;
		};
		19FA60DA22DADE48006DF530 /* Resources */ = {
			isa = PBXResourcesBuildPhase;
			buildActionMask = 2147483647;
			files = (
			);
			runOnlyForDeploymentPostprocessing = 0;
		};
		19FA60E522DADE48006DF530 /* Resources */ = {
			isa = PBXResourcesBuildPhase;
			buildActionMask = 2147483647;
			files = (
			);
			runOnlyForDeploymentPostprocessing = 0;
		};
/* End PBXResourcesBuildPhase section */

/* Begin PBXShellScriptBuildPhase section */
		1534263EB636E9604C4AE441 /* [CP] Embed Pods Frameworks */ = {
			isa = PBXShellScriptBuildPhase;
			buildActionMask = 2147483647;
			files = (
			);
			inputFileListPaths = (
				"${PODS_ROOT}/Target Support Files/Pods-time2/Pods-time2-frameworks-${CONFIGURATION}-input-files.xcfilelist",
			);
			name = "[CP] Embed Pods Frameworks";
			outputFileListPaths = (
				"${PODS_ROOT}/Target Support Files/Pods-time2/Pods-time2-frameworks-${CONFIGURATION}-output-files.xcfilelist",
			);
			runOnlyForDeploymentPostprocessing = 0;
			shellPath = /bin/sh;
			shellScript = "\"${PODS_ROOT}/Target Support Files/Pods-time2/Pods-time2-frameworks.sh\"\n";
			showEnvVarsInLog = 0;
		};
		15AA8CB761CD994122C3E89E /* [CP] Check Pods Manifest.lock */ = {
			isa = PBXShellScriptBuildPhase;
			buildActionMask = 2147483647;
			files = (
			);
			inputFileListPaths = (
			);
			inputPaths = (
				"${PODS_PODFILE_DIR_PATH}/Podfile.lock",
				"${PODS_ROOT}/Manifest.lock",
			);
			name = "[CP] Check Pods Manifest.lock";
			outputFileListPaths = (
			);
			outputPaths = (
				"$(DERIVED_FILE_DIR)/Pods-time2Tests-checkManifestLockResult.txt",
			);
			runOnlyForDeploymentPostprocessing = 0;
			shellPath = /bin/sh;
			shellScript = "diff \"${PODS_PODFILE_DIR_PATH}/Podfile.lock\" \"${PODS_ROOT}/Manifest.lock\" > /dev/null\nif [ $? != 0 ] ; then\n    # print error to STDERR\n    echo \"error: The sandbox is not in sync with the Podfile.lock. Run 'pod install' or update your CocoaPods installation.\" >&2\n    exit 1\nfi\n# This output is used by Xcode 'outputs' to avoid re-running this script phase.\necho \"SUCCESS\" > \"${SCRIPT_OUTPUT_FILE_0}\"\n";
			showEnvVarsInLog = 0;
		};
		6EFA238DED211BE005ADD423 /* [CP] Check Pods Manifest.lock */ = {
			isa = PBXShellScriptBuildPhase;
			buildActionMask = 2147483647;
			files = (
			);
			inputFileListPaths = (
			);
			inputPaths = (
				"${PODS_PODFILE_DIR_PATH}/Podfile.lock",
				"${PODS_ROOT}/Manifest.lock",
			);
			name = "[CP] Check Pods Manifest.lock";
			outputFileListPaths = (
			);
			outputPaths = (
				"$(DERIVED_FILE_DIR)/Pods-time2-checkManifestLockResult.txt",
			);
			runOnlyForDeploymentPostprocessing = 0;
			shellPath = /bin/sh;
			shellScript = "diff \"${PODS_PODFILE_DIR_PATH}/Podfile.lock\" \"${PODS_ROOT}/Manifest.lock\" > /dev/null\nif [ $? != 0 ] ; then\n    # print error to STDERR\n    echo \"error: The sandbox is not in sync with the Podfile.lock. Run 'pod install' or update your CocoaPods installation.\" >&2\n    exit 1\nfi\n# This output is used by Xcode 'outputs' to avoid re-running this script phase.\necho \"SUCCESS\" > \"${SCRIPT_OUTPUT_FILE_0}\"\n";
			showEnvVarsInLog = 0;
		};
		F4A12FF27BC0A872E0194A1A /* [CP] Check Pods Manifest.lock */ = {
			isa = PBXShellScriptBuildPhase;
			buildActionMask = 2147483647;
			files = (
			);
			inputFileListPaths = (
			);
			inputPaths = (
				"${PODS_PODFILE_DIR_PATH}/Podfile.lock",
				"${PODS_ROOT}/Manifest.lock",
			);
			name = "[CP] Check Pods Manifest.lock";
			outputFileListPaths = (
			);
			outputPaths = (
				"$(DERIVED_FILE_DIR)/Pods-time2UITests-checkManifestLockResult.txt",
			);
			runOnlyForDeploymentPostprocessing = 0;
			shellPath = /bin/sh;
			shellScript = "diff \"${PODS_PODFILE_DIR_PATH}/Podfile.lock\" \"${PODS_ROOT}/Manifest.lock\" > /dev/null\nif [ $? != 0 ] ; then\n    # print error to STDERR\n    echo \"error: The sandbox is not in sync with the Podfile.lock. Run 'pod install' or update your CocoaPods installation.\" >&2\n    exit 1\nfi\n# This output is used by Xcode 'outputs' to avoid re-running this script phase.\necho \"SUCCESS\" > \"${SCRIPT_OUTPUT_FILE_0}\"\n";
			showEnvVarsInLog = 0;
		};
/* End PBXShellScriptBuildPhase section */

/* Begin PBXSourcesBuildPhase section */
		19FA60C422DADE47006DF530 /* Sources */ = {
			isa = PBXSourcesBuildPhase;
			buildActionMask = 2147483647;
			files = (
				192691C222DB148C00B4BA70 /* Register1ViewController.swift in Sources */,
				19FA60CE22DADE47006DF530 /* ViewController.swift in Sources */,
				192691C022DB007A00B4BA70 /* ClientStruct.swift in Sources */,
				19FA60CC22DADE47006DF530 /* AppDelegate.swift in Sources */,
				192691C422DB149800B4BA70 /* Register2ViewController.swift in Sources */,
				19FA60FA22DADF9A006DF530 /* APIController.swift in Sources */,
			);
			runOnlyForDeploymentPostprocessing = 0;
		};
		19FA60D822DADE48006DF530 /* Sources */ = {
			isa = PBXSourcesBuildPhase;
			buildActionMask = 2147483647;
			files = (
				19FA60E122DADE48006DF530 /* time2Tests.swift in Sources */,
			);
			runOnlyForDeploymentPostprocessing = 0;
		};
		19FA60E322DADE48006DF530 /* Sources */ = {
			isa = PBXSourcesBuildPhase;
			buildActionMask = 2147483647;
			files = (
				19FA60EC22DADE48006DF530 /* time2UITests.swift in Sources */,
			);
			runOnlyForDeploymentPostprocessing = 0;
		};
/* End PBXSourcesBuildPhase section */

/* Begin PBXTargetDependency section */
		19FA60DE22DADE48006DF530 /* PBXTargetDependency */ = {
			isa = PBXTargetDependency;
			target = 19FA60C722DADE47006DF530 /* time2 */;
			targetProxy = 19FA60DD22DADE48006DF530 /* PBXContainerItemProxy */;
		};
		19FA60E922DADE48006DF530 /* PBXTargetDependency */ = {
			isa = PBXTargetDependency;
			target = 19FA60C722DADE47006DF530 /* time2 */;
			targetProxy = 19FA60E822DADE48006DF530 /* PBXContainerItemProxy */;
		};
/* End PBXTargetDependency section */

/* Begin PBXVariantGroup section */
		19FA60CF22DADE47006DF530 /* Main.storyboard */ = {
			isa = PBXVariantGroup;
			children = (
				19FA60D022DADE47006DF530 /* Base */,
			);
			name = Main.storyboard;
			sourceTree = "<group>";
		};
		19FA60D422DADE48006DF530 /* LaunchScreen.storyboard */ = {
			isa = PBXVariantGroup;
			children = (
				19FA60D522DADE48006DF530 /* Base */,
			);
			name = LaunchScreen.storyboard;
			sourceTree = "<group>";
		};
/* End PBXVariantGroup section */

/* Begin XCBuildConfiguration section */
		19FA60EE22DADE48006DF530 /* Debug */ = {
			isa = XCBuildConfiguration;
			buildSettings = {
				ALWAYS_SEARCH_USER_PATHS = NO;
				CLANG_ANALYZER_NONNULL = YES;
				CLANG_ANALYZER_NUMBER_OBJECT_CONVERSION = YES_AGGRESSIVE;
				CLANG_CXX_LANGUAGE_STANDARD = "gnu++14";
				CLANG_CXX_LIBRARY = "libc++";
				CLANG_ENABLE_MODULES = YES;
				CLANG_ENABLE_OBJC_ARC = YES;
				CLANG_ENABLE_OBJC_WEAK = YES;
				CLANG_WARN_BLOCK_CAPTURE_AUTORELEASING = YES;
				CLANG_WARN_BOOL_CONVERSION = YES;
				CLANG_WARN_COMMA = YES;
				CLANG_WARN_CONSTANT_CONVERSION = YES;
				CLANG_WARN_DEPRECATED_OBJC_IMPLEMENTATIONS = YES;
				CLANG_WARN_DIRECT_OBJC_ISA_USAGE = YES_ERROR;
				CLANG_WARN_DOCUMENTATION_COMMENTS = YES;
				CLANG_WARN_EMPTY_BODY = YES;
				CLANG_WARN_ENUM_CONVERSION = YES;
				CLANG_WARN_INFINITE_RECURSION = YES;
				CLANG_WARN_INT_CONVERSION = YES;
				CLANG_WARN_NON_LITERAL_NULL_CONVERSION = YES;
				CLANG_WARN_OBJC_IMPLICIT_RETAIN_SELF = YES;
				CLANG_WARN_OBJC_LITERAL_CONVERSION = YES;
				CLANG_WARN_OBJC_ROOT_CLASS = YES_ERROR;
				CLANG_WARN_RANGE_LOOP_ANALYSIS = YES;
				CLANG_WARN_STRICT_PROTOTYPES = YES;
				CLANG_WARN_SUSPICIOUS_MOVE = YES;
				CLANG_WARN_UNGUARDED_AVAILABILITY = YES_AGGRESSIVE;
				CLANG_WARN_UNREACHABLE_CODE = YES;
				CLANG_WARN__DUPLICATE_METHOD_MATCH = YES;
				CODE_SIGN_IDENTITY = "iPhone Developer";
				COPY_PHASE_STRIP = NO;
				DEBUG_INFORMATION_FORMAT = dwarf;
				ENABLE_STRICT_OBJC_MSGSEND = YES;
				ENABLE_TESTABILITY = YES;
				GCC_C_LANGUAGE_STANDARD = gnu11;
				GCC_DYNAMIC_NO_PIC = NO;
				GCC_NO_COMMON_BLOCKS = YES;
				GCC_OPTIMIZATION_LEVEL = 0;
				GCC_PREPROCESSOR_DEFINITIONS = (
					"DEBUG=1",
					"$(inherited)",
				);
				GCC_WARN_64_TO_32_BIT_CONVERSION = YES;
				GCC_WARN_ABOUT_RETURN_TYPE = YES_ERROR;
				GCC_WARN_UNDECLARED_SELECTOR = YES;
				GCC_WARN_UNINITIALIZED_AUTOS = YES_AGGRESSIVE;
				GCC_WARN_UNUSED_FUNCTION = YES;
				GCC_WARN_UNUSED_VARIABLE = YES;
				IPHONEOS_DEPLOYMENT_TARGET = 12.2;
				MTL_ENABLE_DEBUG_INFO = INCLUDE_SOURCE;
				MTL_FAST_MATH = YES;
				ONLY_ACTIVE_ARCH = YES;
				SDKROOT = iphoneos;
				SWIFT_ACTIVE_COMPILATION_CONDITIONS = DEBUG;
				SWIFT_OPTIMIZATION_LEVEL = "-Onone";
			};
			name = Debug;
		};
		19FA60EF22DADE48006DF530 /* Release */ = {
			isa = XCBuildConfiguration;
			buildSettings = {
				ALWAYS_SEARCH_USER_PATHS = NO;
				CLANG_ANALYZER_NONNULL = YES;
				CLANG_ANALYZER_NUMBER_OBJECT_CONVERSION = YES_AGGRESSIVE;
				CLANG_CXX_LANGUAGE_STANDARD = "gnu++14";
				CLANG_CXX_LIBRARY = "libc++";
				CLANG_ENABLE_MODULES = YES;
				CLANG_ENABLE_OBJC_ARC = YES;
				CLANG_ENABLE_OBJC_WEAK = YES;
				CLANG_WARN_BLOCK_CAPTURE_AUTORELEASING = YES;
				CLANG_WARN_BOOL_CONVERSION = YES;
				CLANG_WARN_COMMA = YES;
				CLANG_WARN_CONSTANT_CONVERSION = YES;
				CLANG_WARN_DEPRECATED_OBJC_IMPLEMENTATIONS = YES;
				CLANG_WARN_DIRECT_OBJC_ISA_USAGE = YES_ERROR;
				CLANG_WARN_DOCUMENTATION_COMMENTS = YES;
				CLANG_WARN_EMPTY_BODY = YES;
				CLANG_WARN_ENUM_CONVERSION = YES;
				CLANG_WARN_INFINITE_RECURSION = YES;
				CLANG_WARN_INT_CONVERSION = YES;
				CLANG_WARN_NON_LITERAL_NULL_CONVERSION = YES;
				CLANG_WARN_OBJC_IMPLICIT_RETAIN_SELF = YES;
				CLANG_WARN_OBJC_LITERAL_CONVERSION = YES;
				CLANG_WARN_OBJC_ROOT_CLASS = YES_ERROR;
				CLANG_WARN_RANGE_LOOP_ANALYSIS = YES;
				CLANG_WARN_STRICT_PROTOTYPES = YES;
				CLANG_WARN_SUSPICIOUS_MOVE = YES;
				CLANG_WARN_UNGUARDED_AVAILABILITY = YES_AGGRESSIVE;
				CLANG_WARN_UNREACHABLE_CODE = YES;
				CLANG_WARN__DUPLICATE_METHOD_MATCH = YES;
				CODE_SIGN_IDENTITY = "iPhone Developer";
				COPY_PHASE_STRIP = NO;
				DEBUG_INFORMATION_FORMAT = "dwarf-with-dsym";
				ENABLE_NS_ASSERTIONS = NO;
				ENABLE_STRICT_OBJC_MSGSEND = YES;
				GCC_C_LANGUAGE_STANDARD = gnu11;
				GCC_NO_COMMON_BLOCKS = YES;
				GCC_WARN_64_TO_32_BIT_CONVERSION = YES;
				GCC_WARN_ABOUT_RETURN_TYPE = YES_ERROR;
				GCC_WARN_UNDECLARED_SELECTOR = YES;
				GCC_WARN_UNINITIALIZED_AUTOS = YES_AGGRESSIVE;
				GCC_WARN_UNUSED_FUNCTION = YES;
				GCC_WARN_UNUSED_VARIABLE = YES;
				IPHONEOS_DEPLOYMENT_TARGET = 12.2;
				MTL_ENABLE_DEBUG_INFO = NO;
				MTL_FAST_MATH = YES;
				SDKROOT = iphoneos;
				SWIFT_COMPILATION_MODE = wholemodule;
				SWIFT_OPTIMIZATION_LEVEL = "-O";
				VALIDATE_PRODUCT = YES;
			};
			name = Release;
		};
		19FA60F122DADE48006DF530 /* Debug */ = {
			isa = XCBuildConfiguration;
			baseConfigurationReference = E3FD6C9FC43FAC4F167B27D4 /* Pods-time2.debug.xcconfig */;
			buildSettings = {
				ASSETCATALOG_COMPILER_APPICON_NAME = AppIcon;
				CODE_SIGN_STYLE = Automatic;
				DEVELOPMENT_TEAM = 72G289RZB6;
				INFOPLIST_FILE = time2/Info.plist;
				LD_RUNPATH_SEARCH_PATHS = (
					"$(inherited)",
					"@executable_path/Frameworks",
				);
				PRODUCT_BUNDLE_IDENTIFIER = com.Arthur.time2;
				PRODUCT_NAME = "$(TARGET_NAME)";
				SWIFT_VERSION = 5.0;
				TARGETED_DEVICE_FAMILY = "1,2";
			};
			name = Debug;
		};
		19FA60F222DADE48006DF530 /* Release */ = {
			isa = XCBuildConfiguration;
			baseConfigurationReference = F060EFD1EEFE7D12AF05F82D /* Pods-time2.release.xcconfig */;
			buildSettings = {
				ASSETCATALOG_COMPILER_APPICON_NAME = AppIcon;
				CODE_SIGN_STYLE = Automatic;
				DEVELOPMENT_TEAM = 72G289RZB6;
				INFOPLIST_FILE = time2/Info.plist;
				LD_RUNPATH_SEARCH_PATHS = (
					"$(inherited)",
					"@executable_path/Frameworks",
				);
				PRODUCT_BUNDLE_IDENTIFIER = com.Arthur.time2;
				PRODUCT_NAME = "$(TARGET_NAME)";
				SWIFT_VERSION = 5.0;
				TARGETED_DEVICE_FAMILY = "1,2";
			};
			name = Release;
		};
		19FA60F422DADE48006DF530 /* Debug */ = {
			isa = XCBuildConfiguration;
			baseConfigurationReference = 8D643B1F3135F9FEB39DB32D /* Pods-time2Tests.debug.xcconfig */;
			buildSettings = {
				ALWAYS_EMBED_SWIFT_STANDARD_LIBRARIES = YES;
				BUNDLE_LOADER = "$(TEST_HOST)";
				CODE_SIGN_STYLE = Automatic;
				DEVELOPMENT_TEAM = 72G289RZB6;
				INFOPLIST_FILE = time2Tests/Info.plist;
				LD_RUNPATH_SEARCH_PATHS = (
					"$(inherited)",
					"@executable_path/Frameworks",
					"@loader_path/Frameworks",
				);
				PRODUCT_BUNDLE_IDENTIFIER = com.Arthur.time2Tests;
				PRODUCT_NAME = "$(TARGET_NAME)";
				SWIFT_VERSION = 5.0;
				TARGETED_DEVICE_FAMILY = "1,2";
				TEST_HOST = "$(BUILT_PRODUCTS_DIR)/time2.app/time2";
			};
			name = Debug;
		};
		19FA60F522DADE48006DF530 /* Release */ = {
			isa = XCBuildConfiguration;
			baseConfigurationReference = D59D793157302374477F1A51 /* Pods-time2Tests.release.xcconfig */;
			buildSettings = {
				ALWAYS_EMBED_SWIFT_STANDARD_LIBRARIES = YES;
				BUNDLE_LOADER = "$(TEST_HOST)";
				CODE_SIGN_STYLE = Automatic;
				DEVELOPMENT_TEAM = 72G289RZB6;
				INFOPLIST_FILE = time2Tests/Info.plist;
				LD_RUNPATH_SEARCH_PATHS = (
					"$(inherited)",
					"@executable_path/Frameworks",
					"@loader_path/Frameworks",
				);
				PRODUCT_BUNDLE_IDENTIFIER = com.Arthur.time2Tests;
				PRODUCT_NAME = "$(TARGET_NAME)";
				SWIFT_VERSION = 5.0;
				TARGETED_DEVICE_FAMILY = "1,2";
				TEST_HOST = "$(BUILT_PRODUCTS_DIR)/time2.app/time2";
			};
			name = Release;
		};
		19FA60F722DADE48006DF530 /* Debug */ = {
			isa = XCBuildConfiguration;
			baseConfigurationReference = D2FE42753491BADA3B619023 /* Pods-time2UITests.debug.xcconfig */;
			buildSettings = {
				ALWAYS_EMBED_SWIFT_STANDARD_LIBRARIES = YES;
				CODE_SIGN_STYLE = Automatic;
				DEVELOPMENT_TEAM = 72G289RZB6;
				INFOPLIST_FILE = time2UITests/Info.plist;
				LD_RUNPATH_SEARCH_PATHS = (
					"$(inherited)",
					"@executable_path/Frameworks",
					"@loader_path/Frameworks",
				);
				PRODUCT_BUNDLE_IDENTIFIER = com.Arthur.time2UITests;
				PRODUCT_NAME = "$(TARGET_NAME)";
				SWIFT_VERSION = 5.0;
				TARGETED_DEVICE_FAMILY = "1,2";
				TEST_TARGET_NAME = time2;
			};
			name = Debug;
		};
		19FA60F822DADE48006DF530 /* Release */ = {
			isa = XCBuildConfiguration;
			baseConfigurationReference = 0E202AF0DC91E39BE4F459DD /* Pods-time2UITests.release.xcconfig */;
			buildSettings = {
				ALWAYS_EMBED_SWIFT_STANDARD_LIBRARIES = YES;
				CODE_SIGN_STYLE = Automatic;
				DEVELOPMENT_TEAM = 72G289RZB6;
				INFOPLIST_FILE = time2UITests/Info.plist;
				LD_RUNPATH_SEARCH_PATHS = (
					"$(inherited)",
					"@executable_path/Frameworks",
					"@loader_path/Frameworks",
				);
				PRODUCT_BUNDLE_IDENTIFIER = com.Arthur.time2UITests;
				PRODUCT_NAME = "$(TARGET_NAME)";
				SWIFT_VERSION = 5.0;
				TARGETED_DEVICE_FAMILY = "1,2";
				TEST_TARGET_NAME = time2;
			};
			name = Release;
		};
/* End XCBuildConfiguration section */

/* Begin XCConfigurationList section */
		19FA60C322DADE47006DF530 /* Build configuration list for PBXProject "time2" */ = {
			isa = XCConfigurationList;
			buildConfigurations = (
				19FA60EE22DADE48006DF530 /* Debug */,
				19FA60EF22DADE48006DF530 /* Release */,
			);
			defaultConfigurationIsVisible = 0;
			defaultConfigurationName = Release;
		};
		19FA60F022DADE48006DF530 /* Build configuration list for PBXNativeTarget "time2" */ = {
			isa = XCConfigurationList;
			buildConfigurations = (
				19FA60F122DADE48006DF530 /* Debug */,
				19FA60F222DADE48006DF530 /* Release */,
			);
			defaultConfigurationIsVisible = 0;
			defaultConfigurationName = Release;
		};
		19FA60F322DADE48006DF530 /* Build configuration list for PBXNativeTarget "time2Tests" */ = {
			isa = XCConfigurationList;
			buildConfigurations = (
				19FA60F422DADE48006DF530 /* Debug */,
				19FA60F522DADE48006DF530 /* Release */,
			);
			defaultConfigurationIsVisible = 0;
			defaultConfigurationName = Release;
		};
		19FA60F622DADE48006DF530 /* Build configuration list for PBXNativeTarget "time2UITests" */ = {
			isa = XCConfigurationList;
			buildConfigurations = (
				19FA60F722DADE48006DF530 /* Debug */,
				19FA60F822DADE48006DF530 /* Release */,
			);
			defaultConfigurationIsVisible = 0;
			defaultConfigurationName = Release;
		};
/* End XCConfigurationList section */
	};
	rootObject = 19FA60C022DADE47006DF530 /* Project object */;
}
